
Microsoft Visual Studio Solution File, Format Version 11.00
# Visual Studio 2010
Project("{FAE04EC0-301F-11D3-BF4B-00C04F79EFBC}") = "Assembly-CSharp", "Assembly-CSharp.csproj", "{B08C4879-7139-5903-3DD4-AC2DA581FFDE}"
EndProject
Project("{FAE04EC0-301F-11D3-BF4B-00C04F79EFBC}") = "Assembly-CSharp-Editor", "Assembly-CSharp-Editor.csproj", "{F67717EE-9C42-1E75-7EF0-B60D3FCAF47D}"
EndProject
Global
	GlobalSection(SolutionConfigurationPlatforms) = preSolution
		Debug|Any CPU = Debug|Any CPU
		Release|Any CPU = Release|Any CPU
	EndGlobalSection
	GlobalSection(ProjectConfigurationPlatforms) = postSolution
		{B08C4879-7139-5903-3DD4-AC2DA581FFDE}.Debug|Any CPU.ActiveCfg = Debug|Any CPU
		{B08C4879-7139-5903-3DD4-AC2DA581FFDE}.Debug|Any CPU.Build.0 = Debug|Any CPU
		{B08C4879-7139-5903-3DD4-AC2DA581FFDE}.Release|Any CPU.ActiveCfg = Release|Any CPU
		{B08C4879-7139-5903-3DD4-AC2DA581FFDE}.Release|Any CPU.Build.0 = Release|Any CPU
		{F67717EE-9C42-1E75-7EF0-B60D3FCAF47D}.Debug|Any CPU.ActiveCfg = Debug|Any CPU
		{F67717EE-9C42-1E75-7EF0-B60D3FCAF47D}.Debug|Any CPU.Build.0 = Debug|Any CPU
		{F67717EE-9C42-1E75-7EF0-B60D3FCAF47D}.Release|Any CPU.ActiveCfg = Release|Any CPU
		{F67717EE-9C42-1E75-7EF0-B60D3FCAF47D}.Release|Any CPU.Build.0 = Release|Any CPU
	EndGlobalSection
	GlobalSection(SolutionProperties) = preSolution
		HideSolutionNode = FALSE
	EndGlobalSection
	GlobalSection(MonoDevelopProperties) = preSolution
		StartupItem = Assembly-CSharp.csproj
	EndGlobalSection
EndGlobal
